
Microsoft Visual Studio Solution File, Format Version 12.00
# Visual Studio 2013
VisualStudioVersion = 12.0.30723.0
MinimumVisualStudioVersion = 10.0.40219.1
Project("{FAE04EC0-301F-11D3-BF4B-00C04F79EFBC}") = "SimpleBlog", "SimpleBlog\SimpleBlog.csproj", "{EA1F3D0D-F283-4EC3-B23C-95CFB40AACE9}"
EndProject
Project("{FAE04EC0-301F-11D3-BF4B-00C04F79EFBC}") = "SimpleBlog.Tests", "SimpleBlog.Tests\SimpleBlog.Tests.csproj", "{7D351C84-5C40-4680-94CA-B57090ABF27D}"
EndProject
Global
	GlobalSection(SolutionConfigurationPlatforms) = preSolution
		Debug|Any CPU = Debug|Any CPU
		Release|Any CPU = Release|Any CPU
	EndGlobalSection
	GlobalSection(ProjectConfigurationPlatforms) = postSolution
		{EA1F3D0D-F283-4EC3-B23C-95CFB40AACE9}.Debug|Any CPU.ActiveCfg = Debug|Any CPU
		{EA1F3D0D-F283-4EC3-B23C-95CFB40AACE9}.Debug|Any CPU.Build.0 = Debug|Any CPU
		{EA1F3D0D-F283-4EC3-B23C-95CFB40AACE9}.Release|Any CPU.ActiveCfg = Release|Any CPU
		{EA1F3D0D-F283-4EC3-B23C-95CFB40AACE9}.Release|Any CPU.Build.0 = Release|Any CPU
		{7D351C84-5C40-4680-94CA-B57090ABF27D}.Debug|Any CPU.ActiveCfg = Debug|Any CPU
		{7D351C84-5C40-4680-94CA-B57090ABF27D}.Debug|Any CPU.Build.0 = Debug|Any CPU
		{7D351C84-5C40-4680-94CA-B57090ABF27D}.Release|Any CPU.ActiveCfg = Release|Any CPU
		{7D351C84-5C40-4680-94CA-B57090ABF27D}.Release|Any CPU.Build.0 = Release|Any CPU
	EndGlobalSection
	GlobalSection(SolutionProperties) = preSolution
		HideSolutionNode = FALSE
	EndGlobalSection
EndGlobal
